
Microsoft Visual Studio Solution File, Format Version 12.00
# Visual Studio 15
VisualStudioVersion = 15.0.27703.2047
MinimumVisualStudioVersion = 10.0.40219.1
Project("{FAE04EC0-301F-11D3-BF4B-00C04F79EFBC}") = "Lab01_DanielUbilla", "Lab01_DanielUbilla\Lab01_DanielUbilla.csproj", "{3EFA2B90-67A5-4947-BD26-709B784C9C53}"
EndProject
Project("{FAE04EC0-301F-11D3-BF4B-00C04F79EFBC}") = "Lab01_Console", "ConsoleApp1\Lab01_Console.csproj", "{31EEB5ED-D122-47B3-97FE-D13B02584129}"
EndProject
Global
	GlobalSection(SolutionConfigurationPlatforms) = preSolution
		Debug|Any CPU = Debug|Any CPU
		Release|Any CPU = Release|Any CPU
	EndGlobalSection
	GlobalSection(ProjectConfigurationPlatforms) = postSolution
		{3EFA2B90-67A5-4947-BD26-709B784C9C53}.Debug|Any CPU.ActiveCfg = Debug|Any CPU
		{3EFA2B90-67A5-4947-BD26-709B784C9C53}.Debug|Any CPU.Build.0 = Debug|Any CPU
		{3EFA2B90-67A5-4947-BD26-709B784C9C53}.Release|Any CPU.ActiveCfg = Release|Any CPU
		{3EFA2B90-67A5-4947-BD26-709B784C9C53}.Release|Any CPU.Build.0 = Release|Any CPU
		{31EEB5ED-D122-47B3-97FE-D13B02584129}.Debug|Any CPU.ActiveCfg = Debug|Any CPU
		{31EEB5ED-D122-47B3-97FE-D13B02584129}.Debug|Any CPU.Build.0 = Debug|Any CPU
		{31EEB5ED-D122-47B3-97FE-D13B02584129}.Release|Any CPU.ActiveCfg = Release|Any CPU
		{31EEB5ED-D122-47B3-97FE-D13B02584129}.Release|Any CPU.Build.0 = Release|Any CPU
	EndGlobalSection
	GlobalSection(SolutionProperties) = preSolution
		HideSolutionNode = FALSE
	EndGlobalSection
	GlobalSection(ExtensibilityGlobals) = postSolution
		SolutionGuid = {E07784CE-5441-4F6A-A43E-9091E3494831}
	EndGlobalSection
EndGlobal
